
Microsoft Visual Studio Solution File, Format Version 12.00
# Visual Studio Version 17
VisualStudioVersion = 17.11.35312.102
MinimumVisualStudioVersion = 10.0.40219.1
Project("{9A19103F-16F7-4668-BE54-9A1E7A4F7556}") = "MongoAuth", "MongoAuth\MongoAuth.csproj", "{130750D2-2447-4117-A3C1-76EB23905853}"
EndProject
Project("{9A19103F-16F7-4668-BE54-9A1E7A4F7556}") = "MongoAuth.Shared", "MongoAuth.Shared\MongoAuth.Shared.csproj", "{8F71734E-7ACC-482C-85CD-DBC9CA4DC0AA}"
EndProject
Project("{2150E333-8FDC-42A3-9474-1A3956D46DE8}") = "Solution Items", "Solution Items", "{2CA1A54A-6F1F-458F-A3D1-3FA809445814}"
	ProjectSection(SolutionItems) = preProject
		.gitignore = .gitignore
	EndProjectSection
EndProject
Global
	GlobalSection(SolutionConfigurationPlatforms) = preSolution
		Debug|Any CPU = Debug|Any CPU
		Release|Any CPU = Release|Any CPU
	EndGlobalSection
	GlobalSection(ProjectConfigurationPlatforms) = postSolution
		{130750D2-2447-4117-A3C1-76EB23905853}.Debug|Any CPU.ActiveCfg = Debug|Any CPU
		{130750D2-2447-4117-A3C1-76EB23905853}.Debug|Any CPU.Build.0 = Debug|Any CPU
		{130750D2-2447-4117-A3C1-76EB23905853}.Release|Any CPU.ActiveCfg = Release|Any CPU
		{130750D2-2447-4117-A3C1-76EB23905853}.Release|Any CPU.Build.0 = Release|Any CPU
		{8F71734E-7ACC-482C-85CD-DBC9CA4DC0AA}.Debug|Any CPU.ActiveCfg = Debug|Any CPU
		{8F71734E-7ACC-482C-85CD-DBC9CA4DC0AA}.Debug|Any CPU.Build.0 = Debug|Any CPU
		{8F71734E-7ACC-482C-85CD-DBC9CA4DC0AA}.Release|Any CPU.ActiveCfg = Release|Any CPU
		{8F71734E-7ACC-482C-85CD-DBC9CA4DC0AA}.Release|Any CPU.Build.0 = Release|Any CPU
	EndGlobalSection
	GlobalSection(SolutionProperties) = preSolution
		HideSolutionNode = FALSE
	EndGlobalSection
	GlobalSection(ExtensibilityGlobals) = postSolution
		SolutionGuid = {134490CD-BC3F-4112-9D47-CB3FB66F3C90}
	EndGlobalSection
EndGlobal
